
Microsoft Visual Studio Solution File, Format Version 12.00
# Visual Studio Version 16
VisualStudioVersion = 16.0.34601.136
MinimumVisualStudioVersion = 10.0.40219.1
Project("{FAE04EC0-301F-11D3-BF4B-00C04F79EFBC}") = "WebApiDemo3_22_10", "WebApiDemo3_22_10\WebApiDemo3_22_10.csproj", "{FE0266ED-17E1-4FEA-9D8B-A7181AC7DE7F}"
EndProject
Global
	GlobalSection(SolutionConfigurationPlatforms) = preSolution
		Debug|Any CPU = Debug|Any CPU
		Release|Any CPU = Release|Any CPU
	EndGlobalSection
	GlobalSection(ProjectConfigurationPlatforms) = postSolution
		{FE0266ED-17E1-4FEA-9D8B-A7181AC7DE7F}.Debug|Any CPU.ActiveCfg = Debug|Any CPU
		{FE0266ED-17E1-4FEA-9D8B-A7181AC7DE7F}.Debug|Any CPU.Build.0 = Debug|Any CPU
		{FE0266ED-17E1-4FEA-9D8B-A7181AC7DE7F}.Release|Any CPU.ActiveCfg = Release|Any CPU
		{FE0266ED-17E1-4FEA-9D8B-A7181AC7DE7F}.Release|Any CPU.Build.0 = Release|Any CPU
	EndGlobalSection
	GlobalSection(SolutionProperties) = preSolution
		HideSolutionNode = FALSE
	EndGlobalSection
	GlobalSection(ExtensibilityGlobals) = postSolution
		SolutionGuid = {EBB947E9-06E2-4910-8FBD-2C105F663D42}
	EndGlobalSection
EndGlobal
